
Microsoft Visual Studio Solution File, Format Version 12.00
# Visual Studio Version 16
VisualStudioVersion = 16.0.30114.105
MinimumVisualStudioVersion = 10.0.40219.1
Project("{FAE04EC0-301F-11D3-BF4B-00C04F79EFBC}") = "BlogResume", "BlogResume\BlogResume.csproj", "{12DDDBA4-1FD4-49FB-9D8E-3D5C520DB353}"
EndProject
Project("{FAE04EC0-301F-11D3-BF4B-00C04F79EFBC}") = "CoreLibrary", "CoreLibrary\CoreLibrary.csproj", "{A4CED218-AA4D-4627-A322-A0883CDA691B}"
EndProject
Project("{FAE04EC0-301F-11D3-BF4B-00C04F79EFBC}") = "Repository", "Repository\Repository.csproj", "{79D53344-14C4-4182-9EF7-B78DEC2E005F}"
EndProject
Project("{FAE04EC0-301F-11D3-BF4B-00C04F79EFBC}") = "DataAccessLayer", "DataAccessLayer\DataAccessLayer.csproj", "{B4CDC940-3E0D-4194-9CBF-BC04BCDD6E4A}"
EndProject
Global
	GlobalSection(SolutionConfigurationPlatforms) = preSolution
		Debug|Any CPU = Debug|Any CPU
		Release|Any CPU = Release|Any CPU
	EndGlobalSection
	GlobalSection(ProjectConfigurationPlatforms) = postSolution
		{12DDDBA4-1FD4-49FB-9D8E-3D5C520DB353}.Debug|Any CPU.ActiveCfg = Debug|Any CPU
		{12DDDBA4-1FD4-49FB-9D8E-3D5C520DB353}.Debug|Any CPU.Build.0 = Debug|Any CPU
		{12DDDBA4-1FD4-49FB-9D8E-3D5C520DB353}.Release|Any CPU.ActiveCfg = Release|Any CPU
		{12DDDBA4-1FD4-49FB-9D8E-3D5C520DB353}.Release|Any CPU.Build.0 = Release|Any CPU
		{A4CED218-AA4D-4627-A322-A0883CDA691B}.Debug|Any CPU.ActiveCfg = Debug|Any CPU
		{A4CED218-AA4D-4627-A322-A0883CDA691B}.Debug|Any CPU.Build.0 = Debug|Any CPU
		{A4CED218-AA4D-4627-A322-A0883CDA691B}.Release|Any CPU.ActiveCfg = Release|Any CPU
		{A4CED218-AA4D-4627-A322-A0883CDA691B}.Release|Any CPU.Build.0 = Release|Any CPU
		{79D53344-14C4-4182-9EF7-B78DEC2E005F}.Debug|Any CPU.ActiveCfg = Debug|Any CPU
		{79D53344-14C4-4182-9EF7-B78DEC2E005F}.Debug|Any CPU.Build.0 = Debug|Any CPU
		{79D53344-14C4-4182-9EF7-B78DEC2E005F}.Release|Any CPU.ActiveCfg = Release|Any CPU
		{79D53344-14C4-4182-9EF7-B78DEC2E005F}.Release|Any CPU.Build.0 = Release|Any CPU
		{B4CDC940-3E0D-4194-9CBF-BC04BCDD6E4A}.Debug|Any CPU.ActiveCfg = Debug|Any CPU
		{B4CDC940-3E0D-4194-9CBF-BC04BCDD6E4A}.Debug|Any CPU.Build.0 = Debug|Any CPU
		{B4CDC940-3E0D-4194-9CBF-BC04BCDD6E4A}.Release|Any CPU.ActiveCfg = Release|Any CPU
		{B4CDC940-3E0D-4194-9CBF-BC04BCDD6E4A}.Release|Any CPU.Build.0 = Release|Any CPU
	EndGlobalSection
	GlobalSection(SolutionProperties) = preSolution
		HideSolutionNode = FALSE
	EndGlobalSection
	GlobalSection(ExtensibilityGlobals) = postSolution
		SolutionGuid = {9C31A3D5-F1EB-4904-ACED-3C8EF14A1CD4}
	EndGlobalSection
EndGlobal
